
Microsoft Visual Studio Solution File, Format Version 12.00
# Visual Studio Version 16
VisualStudioVersion = 16.0.30128.74
MinimumVisualStudioVersion = 10.0.40219.1
Project("{9A19103F-16F7-4668-BE54-9A1E7A4F7556}") = "Central156", "Central156\Central156.csproj", "{FC005D8F-AF84-41F8-BAAD-BD79284B677E}"
EndProject
Project("{FAE04EC0-301F-11D3-BF4B-00C04F79EFBC}") = "Statistics156-Front", "Statistics156-Front\Statistics156-Front.csproj", "{B10669B4-0E90-4102-94CA-771A29B9E910}"
EndProject
Global
	GlobalSection(SolutionConfigurationPlatforms) = preSolution
		Debug|Any CPU = Debug|Any CPU
		Release|Any CPU = Release|Any CPU
	EndGlobalSection
	GlobalSection(ProjectConfigurationPlatforms) = postSolution
		{FC005D8F-AF84-41F8-BAAD-BD79284B677E}.Debug|Any CPU.ActiveCfg = Debug|Any CPU
		{FC005D8F-AF84-41F8-BAAD-BD79284B677E}.Debug|Any CPU.Build.0 = Debug|Any CPU
		{FC005D8F-AF84-41F8-BAAD-BD79284B677E}.Release|Any CPU.ActiveCfg = Release|Any CPU
		{FC005D8F-AF84-41F8-BAAD-BD79284B677E}.Release|Any CPU.Build.0 = Release|Any CPU
		{B10669B4-0E90-4102-94CA-771A29B9E910}.Debug|Any CPU.ActiveCfg = Debug|Any CPU
		{B10669B4-0E90-4102-94CA-771A29B9E910}.Debug|Any CPU.Build.0 = Debug|Any CPU
		{B10669B4-0E90-4102-94CA-771A29B9E910}.Release|Any CPU.ActiveCfg = Release|Any CPU
		{B10669B4-0E90-4102-94CA-771A29B9E910}.Release|Any CPU.Build.0 = Release|Any CPU
	EndGlobalSection
	GlobalSection(SolutionProperties) = preSolution
		HideSolutionNode = FALSE
	EndGlobalSection
	GlobalSection(ExtensibilityGlobals) = postSolution
		SolutionGuid = {8D6FDC27-71BA-43C5-A555-F7A1652CB97F}
	EndGlobalSection
EndGlobal
